
Microsoft Visual Studio Solution File, Format Version 12.00
# Visual Studio Version 17
VisualStudioVersion = 17.3.32825.248
MinimumVisualStudioVersion = 10.0.40219.1
Project("{FAE04EC0-301F-11D3-BF4B-00C04F79EFBC}") = "thisIsGoingToFar", "thisIsGoingToFar.csproj", "{77693474-0CEA-4717-8A8C-801FAC69125D}"
EndProject
Global
	GlobalSection(SolutionConfigurationPlatforms) = preSolution
		Debug|Any CPU = Debug|Any CPU
		Release|Any CPU = Release|Any CPU
	EndGlobalSection
	GlobalSection(ProjectConfigurationPlatforms) = postSolution
		{77693474-0CEA-4717-8A8C-801FAC69125D}.Debug|Any CPU.ActiveCfg = Debug|Any CPU
		{77693474-0CEA-4717-8A8C-801FAC69125D}.Debug|Any CPU.Build.0 = Debug|Any CPU
		{77693474-0CEA-4717-8A8C-801FAC69125D}.Release|Any CPU.ActiveCfg = Release|Any CPU
		{77693474-0CEA-4717-8A8C-801FAC69125D}.Release|Any CPU.Build.0 = Release|Any CPU
	EndGlobalSection
	GlobalSection(SolutionProperties) = preSolution
		HideSolutionNode = FALSE
	EndGlobalSection
	GlobalSection(ExtensibilityGlobals) = postSolution
		SolutionGuid = {84C51F30-7BC5-422B-9648-DD97807C4099}
	EndGlobalSection
EndGlobal
